
Microsoft Visual Studio Solution File, Format Version 12.00
# Visual Studio Version 17
VisualStudioVersion = 17.5.002.0
MinimumVisualStudioVersion = 10.0.40219.1
Project("{9A19103F-16F7-4668-BE54-9A1E7A4F7556}") = "ChessApp", "ChessApp\ChessApp.csproj", "{094B74DB-65FC-426E-AF91-A7A1C2EB4FCF}"
EndProject
Global
	GlobalSection(SolutionConfigurationPlatforms) = preSolution
		Debug|Any CPU = Debug|Any CPU
		Release|Any CPU = Release|Any CPU
	EndGlobalSection
	GlobalSection(ProjectConfigurationPlatforms) = postSolution
		{094B74DB-65FC-426E-AF91-A7A1C2EB4FCF}.Debug|Any CPU.ActiveCfg = Debug|Any CPU
		{094B74DB-65FC-426E-AF91-A7A1C2EB4FCF}.Debug|Any CPU.Build.0 = Debug|Any CPU
		{094B74DB-65FC-426E-AF91-A7A1C2EB4FCF}.Release|Any CPU.ActiveCfg = Release|Any CPU
		{094B74DB-65FC-426E-AF91-A7A1C2EB4FCF}.Release|Any CPU.Build.0 = Release|Any CPU
	EndGlobalSection
	GlobalSection(SolutionProperties) = preSolution
		HideSolutionNode = FALSE
	EndGlobalSection
	GlobalSection(ExtensibilityGlobals) = postSolution
		SolutionGuid = {AFC35704-03C2-4706-A4A6-F1B7AEDADA3E}
	EndGlobalSection
EndGlobal
